
Microsoft Visual Studio Solution File, Format Version 12.00
# Visual Studio 15
Project("{FAE04EC0-301F-11D3-BF4B-00C04F79EFBC}") = "AAnalysis", "Pseudo_Implementation\AAnalysis.csproj", "{A56CA3E7-CC79-4A74-887A-539E7B9AA023}"
EndProject
Project("{FAE04EC0-301F-11D3-BF4B-00C04F79EFBC}") = "Analysis_Testing", "Analysis_Testing\Analysis_Testing.csproj", "{E8CA6552-BE14-469D-BA45-2D1CD8596976}"
EndProject
Global
	GlobalSection(SolutionConfigurationPlatforms) = preSolution
		Debug|Any CPU = Debug|Any CPU
		Release|Any CPU = Release|Any CPU
	EndGlobalSection
	GlobalSection(ProjectConfigurationPlatforms) = postSolution
		{A56CA3E7-CC79-4A74-887A-539E7B9AA023}.Debug|Any CPU.ActiveCfg = Debug|Any CPU
		{A56CA3E7-CC79-4A74-887A-539E7B9AA023}.Debug|Any CPU.Build.0 = Debug|Any CPU
		{A56CA3E7-CC79-4A74-887A-539E7B9AA023}.Release|Any CPU.ActiveCfg = Release|Any CPU
		{A56CA3E7-CC79-4A74-887A-539E7B9AA023}.Release|Any CPU.Build.0 = Release|Any CPU
		{E8CA6552-BE14-469D-BA45-2D1CD8596976}.Debug|Any CPU.ActiveCfg = Debug|Any CPU
		{E8CA6552-BE14-469D-BA45-2D1CD8596976}.Debug|Any CPU.Build.0 = Debug|Any CPU
		{E8CA6552-BE14-469D-BA45-2D1CD8596976}.Release|Any CPU.ActiveCfg = Release|Any CPU
		{E8CA6552-BE14-469D-BA45-2D1CD8596976}.Release|Any CPU.Build.0 = Release|Any CPU
	EndGlobalSection
EndGlobal
